
Microsoft Visual Studio Solution File, Format Version 12.00
# Visual Studio Version 17
VisualStudioVersion = 17.3.32825.248
MinimumVisualStudioVersion = 10.0.40219.1
Project("{9A19103F-16F7-4668-BE54-9A1E7A4F7556}") = "chas_medicinais", "chas_medicinais.csproj", "{6FD92EC2-9251-4A83-AA34-71903EF20AEB}"
EndProject
Global
	GlobalSection(SolutionConfigurationPlatforms) = preSolution
		Debug|Any CPU = Debug|Any CPU
		Release|Any CPU = Release|Any CPU
	EndGlobalSection
	GlobalSection(ProjectConfigurationPlatforms) = postSolution
		{6FD92EC2-9251-4A83-AA34-71903EF20AEB}.Debug|Any CPU.ActiveCfg = Debug|Any CPU
		{6FD92EC2-9251-4A83-AA34-71903EF20AEB}.Debug|Any CPU.Build.0 = Debug|Any CPU
		{6FD92EC2-9251-4A83-AA34-71903EF20AEB}.Release|Any CPU.ActiveCfg = Release|Any CPU
		{6FD92EC2-9251-4A83-AA34-71903EF20AEB}.Release|Any CPU.Build.0 = Release|Any CPU
	EndGlobalSection
	GlobalSection(SolutionProperties) = preSolution
		HideSolutionNode = FALSE
	EndGlobalSection
	GlobalSection(ExtensibilityGlobals) = postSolution
		SolutionGuid = {2DD9CACD-F125-48F2-9736-0BB0E1B469DC}
	EndGlobalSection
EndGlobal
